{
  "name": "anchor",
  "version": "0.1.0",
  "lockfileVersion": 3,
  "requires": true,
  "packages": {
    "": {
      "name": "anchor",
      "version": "0.1.0",
      "dependencies": {
        "@anthropic-ai/sdk": "^0.115.0",
        "@capacitor/core": "^8.5.0",
        "@capacitor/ios": "^8.5.0",
        "@supabase/ssr": "^0.12.4",
        "@supabase/supabase-js": "^2.112.0",
        "next": "15.5.22",
        "react": "19.1.0",
        "react-dom": "19.1.0",
        "recharts": "^3.10.1",
        "zod": "^4.4.3"
      },
      "devDependencies": {
        "@capacitor/cli": "^8.5.0",
        "@eslint/eslintrc": "^3",
        "@tailwindcss/postcss": "^4",
        "@types/node": "^20",
        "@types/react": "^19",
        "@types/react-dom": "^19",
        "eslint": "^9",
        "eslint-config-next": "15.5.22",
        "tailwindcss": "^4",
        "typescript": "^5",
        "vitest": "^4.1.10"
      }
    },
    "node_modules/@alloc/quick-lru": {
      "version": "5.2.0",
      "resolved": "https://registry.npmjs.org/@alloc/quick-lru/-/quick-lru-5.2.0.tgz",
      "integrity": "sha512-UrcABB+4bUrFABwbluTIBErXwvbsU/V7TZWfmbgJfbkwiBuziS9gxdODUyuiecfdGQ85jglMW6juS3+z5TsKLw==",
      "dev": true,
      "license": "MIT",
      "engines": {
        "node": ">=10"
      },
      "funding": {
        "url": "https://github.com/sponsors/sindresorhus"
      }
    },
    "node_modules/@anthropic-ai/sdk": {
      "version": "0.115.0",
      "resolved": "https://registry.npmjs.org/@anthropic-ai/sdk/-/sdk-0.115.0.tgz",
      "integrity": "sha512-BJrFIVyjNuU8lfDyIJTvlRYzgQg+zEl78BxE7fq8esULsGz9IRQvGtW5spq3tydmtjQb/GFdooKGdGsetpx+lQ==",
      "license": "MIT",
      "dependencies": {
        "json-schema-to-ts": "^3.1.1",
        "standardwebhooks": "^1.0.0"
      },
      "bin": {
        "anthropic-ai-sdk": "bin/cli"
      },
      "peerDependencies": {
        "zod": "^3.25.0 || ^4.0.0"
      },
      "peerDependenciesMeta": {
        "zod": {
          "optional": true
        }
      }
    },
    "node_modules/@babel/runtime": {
      "version": "7.29.7",
      "resolved": "https://registry.npmjs.org/@babel/runtime/-/runtime-7.29.7.tgz",
      "integrity": "sha512-Nq8OhGWiZIZGV6hLHoyAKLLcJihP/xFeBMGJoUrxTX2psI8dCifzLhZISFb+VWS3wFMRDmCGw5R+dOySCqPLhw==",
      "license": "MIT",
      "engines": {
        "node": ">=6.9.0"
      }
    },
    "node_modules/@capacitor/cli": {
      "version": "8.5.0",
      "resolved": "https://registry.npmjs.org/@capacitor/cli/-/cli-8.5.0.tgz",
      "integrity": "sha512-rLdzMUM5QV4WITcqoWv04p32i14BXgUH2diqEH6MWQlWaJfiyNrvOyt/+d5vHAfOxOm1klBu637VDEobctlwBA==",
      "dev": true,
      "license": "MIT",
      "dependencies": {
        "@ionic/cli-framework-output": "^2.2.8",
        "@ionic/utils-subprocess": "^3.0.1",
        "@ionic/utils-terminal": "^2.3.5",
        "commander": "^12.1.0",
        "debug": "^4.4.0",
        "env-paths": "^2.2.0",
        "fs-extra": "^11.2.0",
        "kleur": "^4.1.5",
        "native-run": "^2.0.3",
        "open": "^8.4.0",
        "plist": "^3.1.0",
        "prompts": "^2.4.2",
        "rimraf": "^6.0.1",
        "semver": "^7.6.3",
        "tar": "^7.5.3",
        "tslib": "^2.8.1",
        "xcode": "^3.0.1",
        "xml2js": "^0.6.2"
      },
      "bin": {
        "cap": "bin/capacitor",
        "capacitor": "bin/capacitor"
      },
      "engines": {
        "node": ">=22.0.0"
      }
    },
    "node_modules/@capacitor/core": {
      "version": "8.5.0",
      "resolved": "https://registry.npmjs.org/@capacitor/core/-/core-8.5.0.tgz",
      "integrity": "sha512-Ca4krtqH1hothjtBIwf2J2TW7IhYq1ujp8QeItTiJohNsqij8ja2DYYH3DU0l8RmxCWaBAFTGA2TgOgOMCSNsQ==",
      "license": "MIT",
      "dependencies": {
        "tslib": "^2.1.0"
      }
    },
    "node_modules/@capacitor/ios": {
      "version": "8.5.0",
      "resolved": "https://registry.npmjs.org/@capacitor/ios/-/ios-8.5.0.tgz",
      "integrity": "sha512-7k1TfohJu5BzRXc1F3g04Q8QQ0fyQgms6h1AvhnHb04VaNr9EdHOx03hL8O+OigEKMQnyJd1ZOjTPPNHCqL5Yw==",
      "license": "MIT",
      "peerDependencies": {
        "@capacitor/core": "^8.5.0"
      }
    },
    "node_modules/@emnapi/core": {
      "version": "1.10.0",
      "resolved": "https://registry.npmjs.org/@emnapi/core/-/core-1.10.0.tgz",
      "integrity": "sha512-yq6OkJ4p82CAfPl0u9mQebQHKPJkY7WrIuk205cTYnYe+k2Z8YBh11FrbRG/H6ihirqcacOgl2BIO8oyMQLeXw==",
      "dev": true,
      "license": "MIT",
      "optional": true,
      "dependencies": {
        "@emnapi/wasi-threads": "1.2.1",
        "tslib": "^2.4.0"
      }
    },
    "node_modules/@emnapi/runtime": {
      "version": "1.11.3",
      "resolved": "https://registry.npmjs.org/@emnapi/runtime/-/runtime-1.11.3.tgz",
      "integrity": "sha512-Xz4Tpyki7XyrpbUK1jR1AhdAdaXyhhY4lZ3neLodmhpuWfy2PAQN5B46sAiU4liOXGLkHypn/qU+jvfWSCYYLA==",
      "license": "MIT",
      "optional": true,
      "dependencies": {
        "tslib": "^2.4.0"
      }
    },
    "node_modules/@emnapi/wasi-threads": {
      "version": "1.2.1",
      "resolved": "https://registry.npmjs.org/@emnapi/wasi-threads/-/wasi-threads-1.2.1.tgz",
      "integrity": "sha512-uTII7OYF+/Mes/MrcIOYp5yOtSMLBWSIoLPpcgwipoiKbli6k322tcoFsxoIIxPDqW01SQGAgko4EzZi2BNv2w==",
      "dev": true,
      "license": "MIT",
      "optional": true,
      "dependencies": {
        "tslib": "^2.4.0"
      }
    },
    "node_modules/@eslint-community/eslint-utils": {
      "version": "4.10.1",
      "resolved": "https://registry.npmjs.org/@eslint-community/eslint-utils/-/eslint-utils-4.10.1.tgz",
      "integrity": "sha512-cuadcxVFE8sDK6iWJbs8Sn0av2Nrh2QSGQhVlBW9AaAHqHwjWsZHT8LJ4hFGPh7ASBV2deFdM7H/DPjulmh8rg==",
      "dev": true,
      "license": "MIT",
      "dependencies": {
        "eslint-visitor-keys": "^3.4.3"
      },
      "engines": {
        "node": "^12.22.0 || ^14.17.0 || >=16.0.0"
      },
      "funding": {
        "url": "https://opencollective.com/eslint"
      },
      "peerDependencies": {
        "eslint": "^6.0.0 || ^7.0.0 || >=8.0.0"
      }
    },
    "node_modules/@eslint-community/eslint-utils/node_modules/eslint-visitor-keys": {
      "version": "3.4.3",
      "resolved": "https://registry.npmjs.org/eslint-visitor-keys/-/eslint-visitor-keys-3.4.3.tgz",
      "integrity": "sha512-wpc+LXeiyiisxPlEkUzU6svyS1frIO3Mgxj1fdy7Pm8Ygzguax2N3Fa/D/ag1WqbOprdI+uY6wMUl8/a2G+iag==",
      "dev": true,
      "license": "Apache-2.0",
      "engines": {
        "node": "^12.22.0 || ^14.17.0 || >=16.0.0"
      },
      "funding": {
        "url": "https://opencollective.com/eslint"
      }
    },
    "node_modules/@eslint-community/regexpp": {
      "version": "4.12.2",
      "resolved": "https://registry.npmjs.org/@eslint-community/regexpp/-/regexpp-4.12.2.tgz",
      "integrity": "sha512-EriSTlt5OC9/7SXkRSCAhfSxxoSUgBm33OH+IkwbdpgoqsSsUg7y3uh+IICI/Qg4BBWr3U2i39RpmycbxMq4ew==",
      "dev": true,
      "license": "MIT",
      "engines": {
        "node": "^12.0.0 || ^14.0.0 || >=16.0.0"
      }
    },
    "node_modules/@eslint/config-array": {
      "version": "0.21.2",
      "resolved": "https://registry.npmjs.org/@eslint/config-array/-/config-array-0.21.2.tgz",
      "integrity": "sha512-nJl2KGTlrf9GjLimgIru+V/mzgSK0ABCDQRvxw5BjURL7WfH5uoWmizbH7QB6MmnMBd8cIC9uceWnezL1VZWWw==",
      "dev": true,
      "license": "Apache-2.0",
      "dependencies": {
        "@eslint/object-schema": "^2.1.7",
        "debug": "^4.3.1",
        "minimatch": "^3.1.5"
      },
      "engines": {
        "node": "^18.18.0 || ^20.9.0 || >=21.1.0"
      }
    },
    "node_modules/@eslint/config-helpers": {
      "version": "0.4.2",
      "resolved": "https://registry.npmjs.org/@eslint/config-helpers/-/config-helpers-0.4.2.tgz",
      "integrity": "sha512-gBrxN88gOIf3R7ja5K9slwNayVcZgK6SOUORm2uBzTeIEfeVaIhOpCtTox3P6R7o2jLFwLFTLnC7kU/RGcYEgw==",
      "dev": true,
      "license": "Apache-2.0",
      "dependencies": {
        "@eslint/core": "^0.17.0"
      },
      "engines": {
        "node": "^18.18.0 || ^20.9.0 || >=21.1.0"
      }
    },
    "node_modules/@eslint/core": {
      "version": "0.17.0",
      "resolved": "https://registry.npmjs.org/@eslint/core/-/core-0.17.0.tgz",
      "integrity": "sha512-yL/sLrpmtDaFEiUj1osRP4TI2MDz1AddJL+jZ7KSqvBuliN4xqYY54IfdN8qD8Toa6g1iloph1fxQNkjOxrrpQ==",
      "dev": true,
      "license": "Apache-2.0",
      "dependencies": {
        "@types/json-schema": "^7.0.15"
      },
      "engines": {
        "node": "^18.18.0 || ^20.9.0 || >=21.1.0"
      }
    },
    "node_modules/@eslint/eslintrc": {
      "version": "3.3.6",
      "resolved": "https://registry.npmjs.org/@eslint/eslintrc/-/eslintrc-3.3.6.tgz",
      "integrity": "sha512-l2Ul9PrHsPCKcEY/ac7VgFj9D80C7S68sOKc618SyHDPK36s1XcFebXY0iTzUVn4Yq+YbwvSnDmCz9yxjX+QrA==",
      "dev": true,
      "license": "MIT",
      "dependencies": {
        "ajv": "^6.14.0",
        "debug": "^4.3.2",
        "espree": "^10.0.1",
        "globals": "^14.0.0",
        "ignore": "^5.2.0",
        "import-fresh": "^3.2.1",
        "js-yaml": "^4.3.0",
        "minimatch": "^3.1.5",
        "strip-json-comments": "^3.1.1"
      },
      "engines": {
        "node": "^18.18.0 || ^20.9.0 || >=21.1.0"
      },
      "funding": {
        "url": "https://opencollective.com/eslint"
      }
    },
    "node_modules/@eslint/js": {
      "version": "9.39.5",
      "resolved": "https://registry.npmjs.org/@eslint/js/-/js-9.39.5.tgz",
      "integrity": "sha512-QywQuszQh77pIXCsq998c8hbhSTI/azTty1Z6N53dmAudKHhy573j3yvRLsX2BSp8YpLtoCEG8E9DJe+8zUh4A==",
      "dev": true,
      "license": "MIT",
      "engines": {
        "node": "^18.18.0 || ^20.9.0 || >=21.1.0"
      },
      "funding": {
        "url": "https://eslint.org/donate"
      }
    },
    "node_modules/@eslint/object-schema": {
      "version": "2.1.7",
      "resolved": "https://registry.npmjs.org/@eslint/object-schema/-/object-schema-2.1.7.tgz",
      "integrity": "sha512-VtAOaymWVfZcmZbp6E2mympDIHvyjXs/12LqWYjVw6qjrfF+VK+fyG33kChz3nnK+SU5/NeHOqrTEHS8sXO3OA==",
      "dev": true,
      "license": "Apache-2.0",
      "engines": {
        "node": "^18.18.0 || ^20.9.0 || >=21.1.0"
      }
    },
    "node_modules/@eslint/plugin-kit": {
      "version": "0.4.1",
      "resolved": "https://registry.npmjs.org/@eslint/plugin-kit/-/plugin-kit-0.4.1.tgz",
      "integrity": "sha512-43/qtrDUokr7LJqoF2c3+RInu/t4zfrpYdoSDfYyhg52rwLV6TnOvdG4fXm7IkSB3wErkcmJS9iEhjVtOSEjjA==",
      "dev": true,
      "license": "Apache-2.0",
      "dependencies": {
        "@eslint/core": "^0.17.0",
        "levn": "^0.4.1"
      },
      "engines": {
        "node": "^18.18.0 || ^20.9.0 || >=21.1.0"
      }
    },
    "node_modules/@humanfs/core": {
      "version": "0.19.2",
      "resolved": "https://registry.npmjs.org/@humanfs/core/-/core-0.19.2.tgz",
      "integrity": "sha512-UhXNm+CFMWcbChXywFwkmhqjs3PRCmcSa/hfBgLIb7oQ5HNb1wS0icWsGtSAUNgefHeI+eBrA8I1fxmbHsGdvA==",
      "dev": true,
      "license": "Apache-2.0",
      "dependencies": {
        "@humanfs/types": "^0.15.0"
      },
      "engines": {
        "node": ">=18.18.0"
      }
    },
    "node_modules/@humanfs/node": {
      "version": "0.16.8",
      "resolved": "https://registry.npmjs.org/@humanfs/node/-/node-0.16.8.tgz",
      "integrity": "sha512-gE1eQNZ3R++kTzFUpdGlpmy8kDZD/MLyHqDwqjkVQI0JMdI1D51sy1H958PNXYkM2rAac7e5/CnIKZrHtPh3BQ==",
      "dev": true,
      "license": "Apache-2.0",
      "dependencies": {
        "@humanfs/core": "^0.19.2",
        "@humanfs/types": "^0.15.0",
        "@humanwhocodes/retry": "^0.4.0"
      },
      "engines": {
        "node": ">=18.18.0"
      }
    },
    "node_modules/@humanfs/types": {
      "version": "0.15.0",
      "resolved": "https://registry.npmjs.org/@humanfs/types/-/types-0.15.0.tgz",
      "integrity": "sha512-ZZ1w0aoQkwuUuC7Yf+7sdeaNfqQiiLcSRbfI08oAxqLtpXQr9AIVX7Ay7HLDuiLYAaFPu8oBYNq/QIi9URHJ3Q==",
      "dev": true,
      "license": "Apache-2.0",
      "engines": {
        "node": ">=18.18.0"
      }
    },
    "node_modules/@humanwhocodes/module-importer": {
      "version": "1.0.1",
      "resolved": "https://registry.npmjs.org/@humanwhocodes/module-importer/-/module-importer-1.0.1.tgz",
      "integrity": "sha512-bxveV4V8v5Yb4ncFTT3rPSgZBOpCkjfK0y4oVVVJwIuDVBRMDXrPyXRL988i5ap9m9bnyEEjWfm5WkBmtffLfA==",
      "dev": true,
      "license": "Apache-2.0",
      "engines": {
        "node": ">=12.22"
      },
      "funding": {
        "type": "github",
        "url": "https://github.com/sponsors/nzakas"
      }
    },
    "node_modules/@humanwhocodes/retry": {
      "version": "0.4.3",
      "resolved": "https://registry.npmjs.org/@humanwhocodes/retry/-/retry-0.4.3.tgz",
      "integrity": "sha512-bV0Tgo9K4hfPCek+aMAn81RppFKv2ySDQeMoSZuvTASywNTnVJCArCZE2FWqpvIatKu7VMRLWlR1EazvVhDyhQ==",
      "dev": true,
      "license": "Apache-2.0",
      "engines": {
        "node": ">=18.18"
      },
      "funding": {
        "type": "github",
        "url": "https://github.com/sponsors/nzakas"
      }
    },
    "node_modules/@img/colour": {
      "version": "1.1.0",
      "resolved": "https://registry.npmjs.org/@img/colour/-/colour-1.1.0.tgz",
      "integrity": "sha512-Td76q7j57o/tLVdgS746cYARfSyxk8iEfRxewL9h4OMzYhbW4TAcppl0mT4eyqXddh6L/jwoM75mo7ixa/pCeQ==",
      "license": "MIT",
      "optional": true,
      "engines": {
        "node": ">=18"
      }
    },
    "node_modules/@img/sharp-darwin-arm64": {
      "version": "0.34.5",
      "resolved": "https://registry.npmjs.org/@img/sharp-darwin-arm64/-/sharp-darwin-arm64-0.34.5.tgz",
      "integrity": "sha512-imtQ3WMJXbMY4fxb/Ndp6HBTNVtWCUI0WdobyheGf5+ad6xX8VIDO8u2xE4qc/fr08CKG/7dDseFtn6M6g/r3w==",
      "cpu": [
        "arm64"
      ],
      "license": "Apache-2.0",
      "optional": true,
      "os": [
        "darwin"
      ],
      "engines": {
        "node": "^18.17.0 || ^20.3.0 || >=21.0.0"
      },
      "funding": {
        "url": "https://opencollective.com/libvips"
      },
      "optionalDependencies": {
        "@img/sharp-libvips-darwin-arm64": "1.2.4"
      }
    },
    "node_modules/@img/sharp-darwin-x64": {
      "version": "0.34.5",
      "resolved": "https://registry.npmjs.org/@img/sharp-darwin-x64/-/sharp-darwin-x64-0.34.5.tgz",
      "integrity": "sha512-YNEFAF/4KQ/PeW0N+r+aVVsoIY0/qxxikF2SWdp+NRkmMB7y9LBZAVqQ4yhGCm/H3H270OSykqmQMKLBhBJDEw==",
      "cpu": [
        "x64"
      ],
      "license": "Apache-2.0",
      "optional": true,
      "os": [
        "darwin"
      ],
      "engines": {
        "node": "^18.17.0 || ^20.3.0 || >=21.0.0"
      },
      "funding": {
        "url": "https://opencollective.com/libvips"
      },
      "optionalDependencies": {
        "@img/sharp-libvips-darwin-x64": "1.2.4"
      }
    },
    "node_modules/@img/sharp-libvips-darwin-arm64": {
      "version": "1.2.4",
      "resolved": "https://registry.npmjs.org/@img/sharp-libvips-darwin-arm64/-/sharp-libvips-darwin-arm64-1.2.4.tgz",
      "integrity": "sha512-zqjjo7RatFfFoP0MkQ51jfuFZBnVE2pRiaydKJ1G/rHZvnsrHAOcQALIi9sA5co5xenQdTugCvtb1cuf78Vf4g==",
      "cpu": [
        "arm64"
      ],
      "license": "LGPL-3.0-or-later",
      "optional": true,
      "os": [
        "darwin"
      ],
      "funding": {
        "url": "https://opencollective.com/libvips"
      }
    },
    "node_modules/@img/sharp-libvips-darwin-x64": {
      "version": "1.2.4",
      "resolved": "https://registry.npmjs.org/@img/sharp-libvips-darwin-x64/-/sharp-libvips-darwin-x64-1.2.4.tgz",
      "integrity": "sha512-1IOd5xfVhlGwX+zXv2N93k0yMONvUlANylbJw1eTah8K/Jtpi15KC+WSiaX/nBmbm2HxRM1gZ0nSdjSsrZbGKg==",
      "cpu": [
        "x64"
      ],
      "license": "LGPL-3.0-or-later",
      "optional": true,
      "os": [
        "darwin"
      ],
      "funding": {
        "url": "https://opencollective.com/libvips"
      }
    },
    "node_modules/@img/sharp-libvips-linux-arm": {
      "version": "1.2.4",
      "resolved": "https://registry.npmjs.org/@img/sharp-libvips-linux-arm/-/sharp-libvips-linux-arm-1.2.4.tgz",
      "integrity": "sha512-bFI7xcKFELdiNCVov8e44Ia4u2byA+l3XtsAj+Q8tfCwO6BQ8iDojYdvoPMqsKDkuoOo+X6HZA0s0q11ANMQ8A==",
      "cpu": [
        "arm"
      ],
      "license": "LGPL-3.0-or-later",
      "optional": true,
      "os": [
        "linux"
      ],
      "funding": {
        "url": "https://opencollective.com/libvips"
      }
    },
    "node_modules/@img/sharp-libvips-linux-arm64": {
      "version": "1.2.4",
      "resolved": "https://registry.npmjs.org/@img/sharp-libvips-linux-arm64/-/sharp-libvips-linux-arm64-1.2.4.tgz",
      "integrity": "sha512-excjX8DfsIcJ10x1Kzr4RcWe1edC9PquDRRPx3YVCvQv+U5p7Yin2s32ftzikXojb1PIFc/9Mt28/y+iRklkrw==",
      "cpu": [
        "arm64"
      ],
      "license": "LGPL-3.0-or-later",
      "optional": true,
      "os": [
        "linux"
      ],
      "funding": {
        "url": "https://opencollective.com/libvips"
      }
    },
    "node_modules/@img/sharp-libvips-linux-ppc64": {
      "version": "1.2.4",
      "resolved": "https://registry.npmjs.org/@img/sharp-libvips-linux-ppc64/-/sharp-libvips-linux-ppc64-1.2.4.tgz",
      "integrity": "sha512-FMuvGijLDYG6lW+b/UvyilUWu5Ayu+3r2d1S8notiGCIyYU/76eig1UfMmkZ7vwgOrzKzlQbFSuQfgm7GYUPpA==",
      "cpu": [
        "ppc64"
      ],
      "license": "LGPL-3.0-or-later",
      "optional": true,
      "os": [
        "linux"
      ],
      "funding": {
        "url": "https://opencollective.com/libvips"
      }
    },
    "node_modules/@img/sharp-libvips-linux-riscv64": {
      "version": "1.2.4",
      "resolved": "https://registry.npmjs.org/@img/sharp-libvips-linux-riscv64/-/sharp-libvips-linux-riscv64-1.2.4.tgz",
      "integrity": "sha512-oVDbcR4zUC0ce82teubSm+x6ETixtKZBh/qbREIOcI3cULzDyb18Sr/Wcyx7NRQeQzOiHTNbZFF1UwPS2scyGA==",
      "cpu": [
        "riscv64"
      ],
      "license": "LGPL-3.0-or-later",
      "optional": true,
      "os": [
        "linux"
      ],
      "funding": {
        "url": "https://opencollective.com/libvips"
      }
    },
    "node_modules/@img/sharp-libvips-linux-s390x": {
      "version": "1.2.4",
      "resolved": "https://registry.npmjs.org/@img/sharp-libvips-linux-s390x/-/sharp-libvips-linux-s390x-1.2.4.tgz",
      "integrity": "sha512-qmp9VrzgPgMoGZyPvrQHqk02uyjA0/QrTO26Tqk6l4ZV0MPWIW6LTkqOIov+J1yEu7MbFQaDpwdwJKhbJvuRxQ==",
      "cpu": [
        "s390x"
      ],
      "license": "LGPL-3.0-or-later",
      "optional": true,
      "os": [
        "linux"
      ],
      "funding": {
        "url": "https://opencollective.com/libvips"
      }
    },
    "node_modules/@img/sharp-libvips-linux-x64": {
      "version": "1.2.4",
      "resolved": "https://registry.npmjs.org/@img/sharp-libvips-linux-x64/-/sharp-libvips-linux-x64-1.2.4.tgz",
      "integrity": "sha512-tJxiiLsmHc9Ax1bz3oaOYBURTXGIRDODBqhveVHonrHJ9/+k89qbLl0bcJns+e4t4rvaNBxaEZsFtSfAdquPrw==",
      "cpu": [
        "x64"
      ],
      "license": "LGPL-3.0-or-later",
      "optional": true,
      "os": [
        "linux"
      ],
      "funding": {
        "url": "https://opencollective.com/libvips"
      }
    },
    "node_modules/@img/sharp-libvips-linuxmusl-arm64": {
      "version": "1.2.4",
      "resolved": "https://registry.npmjs.org/@img/sharp-libvips-linuxmusl-arm64/-/sharp-libvips-linuxmusl-arm64-1.2.4.tgz",
      "integrity": "sha512-FVQHuwx1IIuNow9QAbYUzJ+En8KcVm9Lk5+uGUQJHaZmMECZmOlix9HnH7n1TRkXMS0pGxIJokIVB9SuqZGGXw==",
      "cpu": [
        "arm64"
      ],
      "license": "LGPL-3.0-or-later",
      "optional": true,
      "os": [
        "linux"
      ],
      "funding": {
        "url": "https://opencollective.com/libvips"
      }
    },
    "node_modules/@img/sharp-libvips-linuxmusl-x64": {
      "version": "1.2.4",
      "resolved": "https://registry.npmjs.org/@img/sharp-libvips-linuxmusl-x64/-/sharp-libvips-linuxmusl-x64-1.2.4.tgz",
      "integrity": "sha512-+LpyBk7L44ZIXwz/VYfglaX/okxezESc6UxDSoyo2Ks6Jxc4Y7sGjpgU9s4PMgqgjj1gZCylTieNamqA1MF7Dg==",
      "cpu": [
        "x64"
      ],
      "license": "LGPL-3.0-or-later",
      "optional": true,
      "os": [
        "linux"
      ],
      "funding": {
        "url": "https://opencollective.com/libvips"
      }
    },
    "node_modules/@img/sharp-linux-arm": {
      "version": "0.34.5",
      "resolved": "https://registry.npmjs.org/@img/sharp-linux-arm/-/sharp-linux-arm-0.34.5.tgz",
      "integrity": "sha512-9dLqsvwtg1uuXBGZKsxem9595+ujv0sJ6Vi8wcTANSFpwV/GONat5eCkzQo/1O6zRIkh0m/8+5BjrRr7jDUSZw==",
      "cpu": [
        "arm"
      ],
      "license": "Apache-2.0",
      "optional": true,
      "os": [
        "linux"
      ],
      "engines": {
        "node": "^18.17.0 || ^20.3.0 || >=21.0.0"
      },
      "funding": {
        "url": "https://opencollective.com/libvips"
      },
      "optionalDependencies": {
        "@img/sharp-libvips-linux-arm": "1.2.4"
      }
    },
    "node_modules/@img/sharp-linux-arm64": {
      "version": "0.34.5",
      "resolved": "https://registry.npmjs.org/@img/sharp-linux-arm64/-/sharp-linux-arm64-0.34.5.tgz",
      "integrity": "sha512-bKQzaJRY/bkPOXyKx5EVup7qkaojECG6NLYswgktOZjaXecSAeCWiZwwiFf3/Y+O1HrauiE3FVsGxFg8c24rZg==",
      "cpu": [
        "arm64"
      ],
      "license": "Apache-2.0",
      "optional": true,
      "os": [
        "linux"
      ],
      "engines": {
        "node": "^18.17.0 || ^20.3.0 || >=21.0.0"
      },
      "funding": {
        "url": "https://opencollective.com/libvips"
      },
      "optionalDependencies": {
        "@img/sharp-libvips-linux-arm64": "1.2.4"
      }
    },
    "node_modules/@img/sharp-linux-ppc64": {
      "version": "0.34.5",
      "resolved": "https://registry.npmjs.org/@img/sharp-linux-ppc64/-/sharp-linux-ppc64-0.34.5.tgz",
      "integrity": "sha512-7zznwNaqW6YtsfrGGDA6BRkISKAAE1Jo0QdpNYXNMHu2+0dTrPflTLNkpc8l7MUP5M16ZJcUvysVWWrMefZquA==",
      "cpu": [
        "ppc64"
      ],
      "license": "Apache-2.0",
      "optional": true,
      "os": [
        "linux"
      ],
      "engines": {
        "node": "^18.17.0 || ^20.3.0 || >=21.0.0"
      },
      "funding": {
        "url": "https://opencollective.com/libvips"
      },
      "optionalDependencies": {
        "@img/sharp-libvips-linux-ppc64": "1.2.4"
      }
    },
    "node_modules/@img/sharp-linux-riscv64": {
      "version": "0.34.5",
      "resolved": "https://registry.npmjs.org/@img/sharp-linux-riscv64/-/sharp-linux-riscv64-0.34.5.tgz",
      "integrity": "sha512-51gJuLPTKa7piYPaVs8GmByo7/U7/7TZOq+cnXJIHZKavIRHAP77e3N2HEl3dgiqdD/w0yUfiJnII77PuDDFdw==",
      "cpu": [
        "riscv64"
      ],
      "license": "Apache-2.0",
      "optional": true,
      "os": [
        "linux"
      ],
      "engines": {
        "node": "^18.17.0 || ^20.3.0 || >=21.0.0"
      },
      "funding": {
        "url": "https://opencollective.com/libvips"
      },
      "optionalDependencies": {
        "@img/sharp-libvips-linux-riscv64": "1.2.4"
      }
    },
    "node_modules/@img/sharp-linux-s390x": {
      "version": "0.34.5",
      "resolved": "https://registry.npmjs.org/@img/sharp-linux-s390x/-/sharp-linux-s390x-0.34.5.tgz",
      "integrity": "sha512-nQtCk0PdKfho3eC5MrbQoigJ2gd1CgddUMkabUj+rBevs8tZ2cULOx46E7oyX+04WGfABgIwmMC0VqieTiR4jg==",
      "cpu": [
        "s390x"
      ],
      "license": "Apache-2.0",
      "optional": true,
      "os": [
        "linux"
      ],
      "engines": {
        "node": "^18.17.0 || ^20.3.0 || >=21.0.0"
      },
      "funding": {
        "url": "https://opencollective.com/libvips"
      },
      "optionalDependencies": {
        "@img/sharp-libvips-linux-s390x": "1.2.4"
      }
    },
    "node_modules/@img/sharp-linux-x64": {
      "version": "0.34.5",
      "resolved": "https://registry.npmjs.org/@img/sharp-linux-x64/-/sharp-linux-x64-0.34.5.tgz",
      "integrity": "sha512-MEzd8HPKxVxVenwAa+JRPwEC7QFjoPWuS5NZnBt6B3pu7EG2Ge0id1oLHZpPJdn3OQK+BQDiw9zStiHBTJQQQQ==",
      "cpu": [
        "x64"
      ],
      "license": "Apache-2.0",
      "optional": true,
      "os": [
        "linux"
      ],
      "engines": {
        "node": "^18.17.0 || ^20.3.0 || >=21.0.0"
      },
      "funding": {
        "url": "https://opencollective.com/libvips"
      },
      "optionalDependencies": {
        "@img/sharp-libvips-linux-x64": "1.2.4"
      }
    },
    "node_modules/@img/sharp-linuxmusl-arm64": {
      "version": "0.34.5",
      "resolved": "https://registry.npmjs.org/@img/sharp-linuxmusl-arm64/-/sharp-linuxmusl-arm64-0.34.5.tgz",
      "integrity": "sha512-fprJR6GtRsMt6Kyfq44IsChVZeGN97gTD331weR1ex1c1rypDEABN6Tm2xa1wE6lYb5DdEnk03NZPqA7Id21yg==",
      "cpu": [
        "arm64"
      ],
      "license": "Apache-2.0",
      "optional": true,
      "os": [
        "linux"
      ],
      "engines": {
        "node": "^18.17.0 || ^20.3.0 || >=21.0.0"
      },
      "funding": {
        "url": "https://opencollective.com/libvips"
      },
      "optionalDependencies": {
        "@img/sharp-libvips-linuxmusl-arm64": "1.2.4"
      }
    },
    "node_modules/@img/sharp-linuxmusl-x64": {
      "version": "0.34.5",
      "resolved": "https://registry.npmjs.org/@img/sharp-linuxmusl-x64/-/sharp-linuxmusl-x64-0.34.5.tgz",
      "integrity": "sha512-Jg8wNT1MUzIvhBFxViqrEhWDGzqymo3sV7z7ZsaWbZNDLXRJZoRGrjulp60YYtV4wfY8VIKcWidjojlLcWrd8Q==",
      "cpu": [
        "x64"
      ],
      "license": "Apache-2.0",
      "optional": true,
      "os": [
        "linux"
      ],
      "engines": {
        "node": "^18.17.0 || ^20.3.0 || >=21.0.0"
      },
      "funding": {
        "url": "https://opencollective.com/libvips"
      },
      "optionalDependencies": {
        "@img/sharp-libvips-linuxmusl-x64": "1.2.4"
      }
    },
    "node_modules/@img/sharp-wasm32": {
      "version": "0.34.5",
      "resolved": "https://registry.npmjs.org/@img/sharp-wasm32/-/sharp-wasm32-0.34.5.tgz",
      "integrity": "sha512-OdWTEiVkY2PHwqkbBI8frFxQQFekHaSSkUIJkwzclWZe64O1X4UlUjqqqLaPbUpMOQk6FBu/HtlGXNblIs0huw==",
      "cpu": [
        "wasm32"
      ],
      "license": "Apache-2.0 AND LGPL-3.0-or-later AND MIT",
      "optional": true,
      "dependencies": {
        "@emnapi/runtime": "^1.7.0"
      },
      "engines": {
        "node": "^18.17.0 || ^20.3.0 || >=21.0.0"
      },
      "funding": {
        "url": "https://opencollective.com/libvips"
      }
    },
    "node_modules/@img/sharp-win32-arm64": {
      "version": "0.34.5",
      "resolved": "https://registry.npmjs.org/@img/sharp-win32-arm64/-/sharp-win32-arm64-0.34.5.tgz",
      "integrity": "sha512-WQ3AgWCWYSb2yt+IG8mnC6Jdk9Whs7O0gxphblsLvdhSpSTtmu69ZG1Gkb6NuvxsNACwiPV6cNSZNzt0KPsw7g==",
      "cpu": [
        "arm64"
      ],
      "license": "Apache-2.0 AND LGPL-3.0-or-later",
      "optional": true,
      "os": [
        "win32"
      ],
      "engines": {
        "node": "^18.17.0 || ^20.3.0 || >=21.0.0"
      },
      "funding": {
        "url": "https://opencollective.com/libvips"
      }
    },
    "node_modules/@img/sharp-win32-ia32": {
      "version": "0.34.5",
      "resolved": "https://registry.npmjs.org/@img/sharp-win32-ia32/-/sharp-win32-ia32-0.34.5.tgz",
      "integrity": "sha512-FV9m/7NmeCmSHDD5j4+4pNI8Cp3aW+JvLoXcTUo0IqyjSfAZJ8dIUmijx1qaJsIiU+Hosw6xM5KijAWRJCSgNg==",
      "cpu": [
        "ia32"
      ],
      "license": "Apache-2.0 AND LGPL-3.0-or-later",
      "optional": true,
      "os": [
        "win32"
      ],
      "engines": {
        "node": "^18.17.0 || ^20.3.0 || >=21.0.0"
      },
      "funding": {
        "url": "https://opencollective.com/libvips"
      }
    },
    "node_modules/@img/sharp-win32-x64": {
      "version": "0.34.5",
      "resolved": "https://registry.npmjs.org/@img/sharp-win32-x64/-/sharp-win32-x64-0.34.5.tgz",
      "integrity": "sha512-+29YMsqY2/9eFEiW93eqWnuLcWcufowXewwSNIT6UwZdUUCrM3oFjMWH/Z6/TMmb4hlFenmfAVbpWeup2jryCw==",
      "cpu": [
        "x64"
      ],
      "license": "Apache-2.0 AND LGPL-3.0-or-later",
      "optional": true,
      "os": [
        "win32"
      ],
      "engines": {
        "node": "^18.17.0 || ^20.3.0 || >=21.0.0"
      },
      "funding": {
        "url": "https://opencollective.com/libvips"
      }
    },
    "node_modules/@ionic/cli-framework-output": {
      "version": "2.2.8",
      "resolved": "https://registry.npmjs.org/@ionic/cli-framework-output/-/cli-framework-output-2.2.8.tgz",
      "integrity": "sha512-TshtaFQsovB4NWRBydbNFawql6yul7d5bMiW1WYYf17hd99V6xdDdk3vtF51bw6sLkxON3bDQpWsnUc9/hVo3g==",
      "dev": true,
      "license": "MIT",
      "dependencies": {
        "@ionic/utils-terminal": "2.3.5",
        "debug": "^4.0.0",
        "tslib": "^2.0.1"
      },
      "engines": {
        "node": ">=16.0.0"
      }
    },
    "node_modules/@ionic/utils-array": {
      "version": "2.1.6",
      "resolved": "https://registry.npmjs.org/@ionic/utils-array/-/utils-array-2.1.6.tgz",
      "integrity": "sha512-0JZ1Zkp3wURnv8oq6Qt7fMPo5MpjbLoUoa9Bu2Q4PJuSDWM8H8gwF3dQO7VTeUj3/0o1IB1wGkFWZZYgUXZMUg==",
      "dev": true,
      "license": "MIT",
      "dependencies": {
        "debug": "^4.0.0",
        "tslib": "^2.0.1"
      },
      "engines": {
        "node": ">=16.0.0"
      }
    },
    "node_modules/@ionic/utils-fs": {
      "version": "3.1.7",
      "resolved": "https://registry.npmjs.org/@ionic/utils-fs/-/utils-fs-3.1.7.tgz",
      "integrity": "sha512-2EknRvMVfhnyhL1VhFkSLa5gOcycK91VnjfrTB0kbqkTFCOXyXgVLI5whzq7SLrgD9t1aqos3lMMQyVzaQ5gVA==",
      "dev": true,
      "license": "MIT",
      "dependencies": {
        "@types/fs-extra": "^8.0.0",
        "debug": "^4.0.0",
        "fs-extra": "^9.0.0",
        "tslib": "^2.0.1"
      },
      "engines": {
        "node": ">=16.0.0"
      }
    },
    "node_modules/@ionic/utils-fs/node_modules/fs-extra": {
      "version": "9.1.0",
      "resolved": "https://registry.npmjs.org/fs-extra/-/fs-extra-9.1.0.tgz",
      "integrity": "sha512-hcg3ZmepS30/7BSFqRvoo3DOMQu7IjqxO5nCDt+zM9XWjb33Wg7ziNT+Qvqbuc3+gWpzO02JubVyk2G4Zvo1OQ==",
      "dev": true,
      "license": "MIT",
      "dependencies": {
        "at-least-node": "^1.0.0",
        "graceful-fs": "^4.2.0",
        "jsonfile": "^6.0.1",
        "universalify": "^2.0.0"
      },
      "engines": {
        "node": ">=10"
      }
    },
    "node_modules/@ionic/utils-object": {
      "version": "2.1.6",
      "resolved": "https://registry.npmjs.org/@ionic/utils-object/-/utils-object-2.1.6.tgz",
      "integrity": "sha512-vCl7sl6JjBHFw99CuAqHljYJpcE88YaH2ZW4ELiC/Zwxl5tiwn4kbdP/gxi2OT3MQb1vOtgAmSNRtusvgxI8ww==",
      "dev": true,
      "license": "MIT",
      "dependencies": {
        "debug": "^4.0.0",
        "tslib": "^2.0.1"
      },
      "engines": {
        "node": ">=16.0.0"
      }
    },
    "node_modules/@ionic/utils-process": {
      "version": "2.1.12",
      "resolved": "https://registry.npmjs.org/@ionic/utils-process/-/utils-process-2.1.12.tgz",
      "integrity": "sha512-Jqkgyq7zBs/v/J3YvKtQQiIcxfJyplPgECMWgdO0E1fKrrH8EF0QGHNJ9mJCn6PYe2UtHNS8JJf5G21e09DfYg==",
      "dev": true,
      "license": "MIT",
      "dependencies": {
        "@ionic/utils-object": "2.1.6",
        "@ionic/utils-terminal": "2.3.5",
        "debug": "^4.0.0",
        "signal-exit": "^3.0.3",
        "tree-kill": "^1.2.2",
        "tslib": "^2.0.1"
      },
      "engines": {
        "node": ">=16.0.0"
      }
    },
    "node_modules/@ionic/utils-stream": {
      "version": "3.1.7",
      "resolved": "https://registry.npmjs.org/@ionic/utils-stream/-/utils-stream-3.1.7.tgz",
      "integrity": "sha512-eSELBE7NWNFIHTbTC2jiMvh1ABKGIpGdUIvARsNPMNQhxJB3wpwdiVnoBoTYp+5a6UUIww4Kpg7v6S7iTctH1w==",
      "dev": true,
      "license": "MIT",
      "dependencies": {
        "debug": "^4.0.0",
        "tslib": "^2.0.1"
      },
      "engines": {
        "node": ">=16.0.0"
      }
    },
    "node_modules/@ionic/utils-subprocess": {
      "version": "3.0.1",
      "resolved": "https://registry.npmjs.org/@ionic/utils-subprocess/-/utils-subprocess-3.0.1.tgz",
      "integrity": "sha512-cT4te3AQQPeIM9WCwIg8ohroJ8TjsYaMb2G4ZEgv9YzeDqHZ4JpeIKqG2SoaA3GmVQ3sOfhPM6Ox9sxphV/d1A==",
      "dev": true,
      "license": "MIT",
      "dependencies": {
        "@ionic/utils-array": "2.1.6",
        "@ionic/utils-fs": "3.1.7",
        "@ionic/utils-process": "2.1.12",
        "@ionic/utils-stream": "3.1.7",
        "@ionic/utils-terminal": "2.3.5",
        "cross-spawn": "^7.0.3",
        "debug": "^4.0.0",
        "tslib": "^2.0.1"
      },
      "engines": {
        "node": ">=16.0.0"
      }
    },
    "node_modules/@ionic/utils-terminal": {
      "version": "2.3.5",
      "resolved": "https://registry.npmjs.org/@ionic/utils-terminal/-/utils-terminal-2.3.5.tgz",
      "integrity": "sha512-3cKScz9Jx2/Pr9ijj1OzGlBDfcmx7OMVBt4+P1uRR0SSW4cm1/y3Mo4OY3lfkuaYifMNBW8Wz6lQHbs1bihr7A==",
      "dev": true,
      "license": "MIT",
      "dependencies": {
        "@types/s